// !$*UTF8*$!
{
	archiveVersion = 1;
	classes = {
	};
	objectVersion = 56;
	objects = {

/* Begin PBXBuildFile section */
		D813020929D7111F002174D1 /* PhotoController.swift in Sources */ = {isa = PBXBuildFile; fileRef = D813020829D7111F002174D1 /* PhotoController.swift */; };
		D8650B7729DDAF7E00CE6EB2 /* MatchView.swift in Sources */ = {isa = PBXBuildFile; fileRef = D8650B7629DDAF7E00CE6EB2 /* MatchView.swift */; };
		D8650B7929DF00A000CE6EB2 /* SendMessageButton.swift in Sources */ = {isa = PBXBuildFile; fileRef = D8650B7829DF00A000CE6EB2 /* SendMessageButton.swift */; };
		D8650B7B29DF06D100CE6EB2 /* KeepSwipingButton.swift in Sources */ = {isa = PBXBuildFile; fileRef = D8650B7A29DF06D100CE6EB2 /* KeepSwipingButton.swift */; };
		D879692F29AFB93C0061ED87 /* AppDelegate.swift in Sources */ = {isa = PBXBuildFile; fileRef = D879692E29AFB93C0061ED87 /* AppDelegate.swift */; };
		D879693129AFB93C0061ED87 /* SceneDelegate.swift in Sources */ = {isa = PBXBuildFile; fileRef = D879693029AFB93C0061ED87 /* SceneDelegate.swift */; };
		D879693329AFB93C0061ED87 /* HomeController.swift in Sources */ = {isa = PBXBuildFile; fileRef = D879693229AFB93C0061ED87 /* HomeController.swift */; };
		D879693629AFB93C0061ED87 /* Main.storyboard in Resources */ = {isa = PBXBuildFile; fileRef = D879693429AFB93C0061ED87 /* Main.storyboard */; };
		D879693829AFB93E0061ED87 /* Assets.xcassets in Resources */ = {isa = PBXBuildFile; fileRef = D879693729AFB93E0061ED87 /* Assets.xcassets */; };
		D879693B29AFB93E0061ED87 /* LaunchScreen.storyboard in Resources */ = {isa = PBXBuildFile; fileRef = D879693929AFB93E0061ED87 /* LaunchScreen.storyboard */; };
		D879694729B1FF240061ED87 /* HomeBottomControlsStackView.swift in Sources */ = {isa = PBXBuildFile; fileRef = D879694629B1FF240061ED87 /* HomeBottomControlsStackView.swift */; };
		D879694929B21B3F0061ED87 /* TopNavigationStackView.swift in Sources */ = {isa = PBXBuildFile; fileRef = D879694829B21B3F0061ED87 /* TopNavigationStackView.swift */; };
		D879694B29B262E90061ED87 /* CardView.swift in Sources */ = {isa = PBXBuildFile; fileRef = D879694A29B262E90061ED87 /* CardView.swift */; };
		D879694E29B4C85E0061ED87 /* User.swift in Sources */ = {isa = PBXBuildFile; fileRef = D879694D29B4C85E0061ED87 /* User.swift */; };
		D879695229B518A60061ED87 /* CardViewModel.swift in Sources */ = {isa = PBXBuildFile; fileRef = D879695129B518A60061ED87 /* CardViewModel.swift */; };
		D879695429B6193E0061ED87 /* Advertiser.swift in Sources */ = {isa = PBXBuildFile; fileRef = D879695329B6193E0061ED87 /* Advertiser.swift */; };
		D879695629BA5E950061ED87 /* RegistrationController.swift in Sources */ = {isa = PBXBuildFile; fileRef = D879695529BA5E950061ED87 /* RegistrationController.swift */; };
		D879695829BA69FD0061ED87 /* CustomTextField.swift in Sources */ = {isa = PBXBuildFile; fileRef = D879695729BA69FC0061ED87 /* CustomTextField.swift */; };
		D88DB61129E1A95900141CFA /* LBTATools in Frameworks */ = {isa = PBXBuildFile; productRef = D88DB61029E1A95900141CFA /* LBTATools */; };
		D88DB61429E1AB3B00141CFA /* MatchesMessagesController.swift in Sources */ = {isa = PBXBuildFile; fileRef = D88DB61329E1AB3B00141CFA /* MatchesMessagesController.swift */; };
		D8B1566729BDC7BD00D2CE1C /* Bindable.swift in Sources */ = {isa = PBXBuildFile; fileRef = D8B1566629BDC7BD00D2CE1C /* Bindable.swift */; };
		D8C57E5D29BCB89A00A7E328 /* RegistrationViewModel.swift in Sources */ = {isa = PBXBuildFile; fileRef = D8C57E5C29BCB89A00A7E328 /* RegistrationViewModel.swift */; };
		D8C57E6029BCD76A00A7E328 /* FirebaseAuth in Frameworks */ = {isa = PBXBuildFile; productRef = D8C57E5F29BCD76A00A7E328 /* FirebaseAuth */; };
		D8C57E6229BCD76A00A7E328 /* FirebaseFirestore in Frameworks */ = {isa = PBXBuildFile; productRef = D8C57E6129BCD76A00A7E328 /* FirebaseFirestore */; };
		D8C57E6429BCD76A00A7E328 /* FirebaseStorage in Frameworks */ = {isa = PBXBuildFile; productRef = D8C57E6329BCD76A00A7E328 /* FirebaseStorage */; };
		D8C57E6729BCD88200A7E328 /* SDWebImage in Frameworks */ = {isa = PBXBuildFile; productRef = D8C57E6629BCD88200A7E328 /* SDWebImage */; };
		D8C57E6A29BCD90000A7E328 /* JGProgressHUD in Frameworks */ = {isa = PBXBuildFile; productRef = D8C57E6929BCD90000A7E328 /* JGProgressHUD */; };
		D8C57E6C29BCDDBB00A7E328 /* GoogleService-Info.plist in Resources */ = {isa = PBXBuildFile; fileRef = D8C57E6B29BCDDBB00A7E328 /* GoogleService-Info.plist */; };
		D8C8098C29C49E0F0097B52D /* SettingsController.swift in Sources */ = {isa = PBXBuildFile; fileRef = D8C8098B29C49E0F0097B52D /* SettingsController.swift */; };
		D8C8098E29C4EE580097B52D /* SettingsCell.swift in Sources */ = {isa = PBXBuildFile; fileRef = D8C8098D29C4EE580097B52D /* SettingsCell.swift */; };
		D8C8099029C9DB8C0097B52D /* AgeRangeCell.swift in Sources */ = {isa = PBXBuildFile; fileRef = D8C8098F29C9DB8C0097B52D /* AgeRangeCell.swift */; };
		D8E8EC2329CC9B0A00A8F2ED /* FBExtension+Utils.swift in Sources */ = {isa = PBXBuildFile; fileRef = D8E8EC2229CC9B0A00A8F2ED /* FBExtension+Utils.swift */; };
		D8E8EC2729CDD3F400A8F2ED /* LoginController.swift in Sources */ = {isa = PBXBuildFile; fileRef = D8E8EC2529CDD3F400A8F2ED /* LoginController.swift */; };
		D8E8EC2829CDD3F400A8F2ED /* LoginViewModel.swift in Sources */ = {isa = PBXBuildFile; fileRef = D8E8EC2629CDD3F400A8F2ED /* LoginViewModel.swift */; };
		D8E8EC2B29CF3C1C00A8F2ED /* UserDetailsController.swift in Sources */ = {isa = PBXBuildFile; fileRef = D8E8EC2A29CF3C1C00A8F2ED /* UserDetailsController.swift */; };
		D8E93B3329D1EBC3003D2FD0 /* SwipingPhotosController.swift in Sources */ = {isa = PBXBuildFile; fileRef = D8E93B3229D1EBC3003D2FD0 /* SwipingPhotosController.swift */; };
/* End PBXBuildFile section */

/* Begin PBXFileReference section */
		D813020829D7111F002174D1 /* PhotoController.swift */ = {isa = PBXFileReference; lastKnownFileType = sourcecode.swift; path = PhotoController.swift; sourceTree = "<group>"; };
		D8650B7629DDAF7E00CE6EB2 /* MatchView.swift */ = {isa = PBXFileReference; lastKnownFileType = sourcecode.swift; path = MatchView.swift; sourceTree = "<group>"; };
		D8650B7829DF00A000CE6EB2 /* SendMessageButton.swift */ = {isa = PBXFileReference; lastKnownFileType = sourcecode.swift; path = SendMessageButton.swift; sourceTree = "<group>"; };
		D8650B7A29DF06D100CE6EB2 /* KeepSwipingButton.swift */ = {isa = PBXFileReference; lastKnownFileType = sourcecode.swift; path = KeepSwipingButton.swift; sourceTree = "<group>"; };
		D879692B29AFB93C0061ED87 /* SwipeMatchFS.app */ = {isa = PBXFileReference; explicitFileType = wrapper.application; includeInIndex = 0; path = SwipeMatchFS.app; sourceTree = BUILT_PRODUCTS_DIR; };
		D879692E29AFB93C0061ED87 /* AppDelegate.swift */ = {isa = PBXFileReference; lastKnownFileType = sourcecode.swift; path = AppDelegate.swift; sourceTree = "<group>"; };
		D879693029AFB93C0061ED87 /* SceneDelegate.swift */ = {isa = PBXFileReference; lastKnownFileType = sourcecode.swift; path = SceneDelegate.swift; sourceTree = "<group>"; };
		D879693229AFB93C0061ED87 /* HomeController.swift */ = {isa = PBXFileReference; lastKnownFileType = sourcecode.swift; path = HomeController.swift; sourceTree = "<group>"; };
		D879693529AFB93C0061ED87 /* Base */ = {isa = PBXFileReference; lastKnownFileType = file.storyboard; name = Base; path = Base.lproj/Main.storyboard; sourceTree = "<group>"; };
		D879693729AFB93E0061ED87 /* Assets.xcassets */ = {isa = PBXFileReference; lastKnownFileType = folder.assetcatalog; path = Assets.xcassets; sourceTree = "<group>"; };
		D879693A29AFB93E0061ED87 /* Base */ = {isa = PBXFileReference; lastKnownFileType = file.storyboard; name = Base; path = Base.lproj/LaunchScreen.storyboard; sourceTree = "<group>"; };
		D879693C29AFB93E0061ED87 /* Info.plist */ = {isa = PBXFileReference; lastKnownFileType = text.plist.xml; path = Info.plist; sourceTree = "<group>"; };
		D879694629B1FF240061ED87 /* HomeBottomControlsStackView.swift */ = {isa = PBXFileReference; lastKnownFileType = sourcecode.swift; path = HomeBottomControlsStackView.swift; sourceTree = "<group>"; };
		D879694829B21B3F0061ED87 /* TopNavigationStackView.swift */ = {isa = PBXFileReference; lastKnownFileType = sourcecode.swift; path = TopNavigationStackView.swift; sourceTree = "<group>"; };
		D879694A29B262E90061ED87 /* CardView.swift */ = {isa = PBXFileReference; lastKnownFileType = sourcecode.swift; path = CardView.swift; sourceTree = "<group>"; };
		D879694D29B4C85E0061ED87 /* User.swift */ = {isa = PBXFileReference; lastKnownFileType = sourcecode.swift; path = User.swift; sourceTree = "<group>"; };
		D879695129B518A60061ED87 /* CardViewModel.swift */ = {isa = PBXFileReference; lastKnownFileType = sourcecode.swift; path = CardViewModel.swift; sourceTree = "<group>"; };
		D879695329B6193E0061ED87 /* Advertiser.swift */ = {isa = PBXFileReference; lastKnownFileType = sourcecode.swift; path = Advertiser.swift; sourceTree = "<group>"; };
		D879695529BA5E950061ED87 /* RegistrationController.swift */ = {isa = PBXFileReference; lastKnownFileType = sourcecode.swift; path = RegistrationController.swift; sourceTree = "<group>"; };
		D879695729BA69FC0061ED87 /* CustomTextField.swift */ = {isa = PBXFileReference; lastKnownFileType = sourcecode.swift; path = CustomTextField.swift; sourceTree = "<group>"; };
		D88DB61329E1AB3B00141CFA /* MatchesMessagesController.swift */ = {isa = PBXFileReference; lastKnownFileType = sourcecode.swift; path = MatchesMessagesController.swift; sourceTree = "<group>"; };
		D8B1566629BDC7BD00D2CE1C /* Bindable.swift */ = {isa = PBXFileReference; lastKnownFileType = sourcecode.swift; path = Bindable.swift; sourceTree = "<group>"; };
		D8C57E5C29BCB89A00A7E328 /* RegistrationViewModel.swift */ = {isa = PBXFileReference; lastKnownFileType = sourcecode.swift; path = RegistrationViewModel.swift; sourceTree = "<group>"; };
		D8C57E6B29BCDDBB00A7E328 /* GoogleService-Info.plist */ = {isa = PBXFileReference; fileEncoding = 4; lastKnownFileType = text.plist.xml; path = "GoogleService-Info.plist"; sourceTree = "<group>"; };
		D8C8098B29C49E0F0097B52D /* SettingsController.swift */ = {isa = PBXFileReference; lastKnownFileType = sourcecode.swift; path = SettingsController.swift; sourceTree = "<group>"; };
		D8C8098D29C4EE580097B52D /* SettingsCell.swift */ = {isa = PBXFileReference; lastKnownFileType = sourcecode.swift; path = SettingsCell.swift; sourceTree = "<group>"; };
		D8C8098F29C9DB8C0097B52D /* AgeRangeCell.swift */ = {isa = PBXFileReference; lastKnownFileType = sourcecode.swift; path = AgeRangeCell.swift; sourceTree = "<group>"; };
		D8E8EC2229CC9B0A00A8F2ED /* FBExtension+Utils.swift */ = {isa = PBXFileReference; lastKnownFileType = sourcecode.swift; path = "FBExtension+Utils.swift"; sourceTree = "<group>"; };
		D8E8EC2529CDD3F400A8F2ED /* LoginController.swift */ = {isa = PBXFileReference; fileEncoding = 4; lastKnownFileType = sourcecode.swift; path = LoginController.swift; sourceTree = "<group>"; };
		D8E8EC2629CDD3F400A8F2ED /* LoginViewModel.swift */ = {isa = PBXFileReference; fileEncoding = 4; lastKnownFileType = sourcecode.swift; path = LoginViewModel.swift; sourceTree = "<group>"; };
		D8E8EC2A29CF3C1C00A8F2ED /* UserDetailsController.swift */ = {isa = PBXFileReference; lastKnownFileType = sourcecode.swift; path = UserDetailsController.swift; sourceTree = "<group>"; };
		D8E93B3229D1EBC3003D2FD0 /* SwipingPhotosController.swift */ = {isa = PBXFileReference; lastKnownFileType = sourcecode.swift; path = SwipingPhotosController.swift; sourceTree = "<group>"; };
/* End PBXFileReference section */

/* Begin PBXFrameworksBuildPhase section */
		D879692829AFB93C0061ED87 /* Frameworks */ = {
			isa = PBXFrameworksBuildPhase;
			buildActionMask = 2147483647;
			files = (
				D8C57E6029BCD76A00A7E328 /* FirebaseAuth in Frameworks */,
				D88DB61129E1A95900141CFA /* LBTATools in Frameworks */,
				D8C57E6229BCD76A00A7E328 /* FirebaseFirestore in Frameworks */,
				D8C57E6729BCD88200A7E328 /* SDWebImage in Frameworks */,
				D8C57E6429BCD76A00A7E328 /* FirebaseStorage in Frameworks */,
				D8C57E6A29BCD90000A7E328 /* JGProgressHUD in Frameworks */,
			);
			runOnlyForDeploymentPostprocessing = 0;
		};
/* End PBXFrameworksBuildPhase section */

/* Begin PBXGroup section */
		D879692229AFB93C0061ED87 = {
			isa = PBXGroup;
			children = (
				D879692D29AFB93C0061ED87 /* SwipeMatchFS */,
				D879692C29AFB93C0061ED87 /* Products */,
			);
			sourceTree = "<group>";
		};
		D879692C29AFB93C0061ED87 /* Products */ = {
			isa = PBXGroup;
			children = (
				D879692B29AFB93C0061ED87 /* SwipeMatchFS.app */,
			);
			name = Products;
			sourceTree = "<group>";
		};
		D879692D29AFB93C0061ED87 /* SwipeMatchFS */ = {
			isa = PBXGroup;
			children = (
				D879695029B518900061ED87 /* ViewModels */,
				D879694C29B4C8480061ED87 /* Model */,
				D879694529B1FEF60061ED87 /* Views */,
				D879694F29B5178C0061ED87 /* Controllers */,
				D879694229AFBDA00061ED87 /* Extensions */,
				D879692E29AFB93C0061ED87 /* AppDelegate.swift */,
				D879693029AFB93C0061ED87 /* SceneDelegate.swift */,
				D879693429AFB93C0061ED87 /* Main.storyboard */,
				D879693729AFB93E0061ED87 /* Assets.xcassets */,
				D879693929AFB93E0061ED87 /* LaunchScreen.storyboard */,
				D879693C29AFB93E0061ED87 /* Info.plist */,
				D8C57E6B29BCDDBB00A7E328 /* GoogleService-Info.plist */,
			);
			path = SwipeMatchFS;
			sourceTree = "<group>";
		};
		D879694229AFBDA00061ED87 /* Extensions */ = {
			isa = PBXGroup;
			children = (
				D8E8EC2229CC9B0A00A8F2ED /* FBExtension+Utils.swift */,
			);
			path = Extensions;
			sourceTree = "<group>";
		};
		D879694529B1FEF60061ED87 /* Views */ = {
			isa = PBXGroup;
			children = (
				D879694629B1FF240061ED87 /* HomeBottomControlsStackView.swift */,
				D879694829B21B3F0061ED87 /* TopNavigationStackView.swift */,
				D879694A29B262E90061ED87 /* CardView.swift */,
				D879695729BA69FC0061ED87 /* CustomTextField.swift */,
				D8C8098D29C4EE580097B52D /* SettingsCell.swift */,
				D8C8098F29C9DB8C0097B52D /* AgeRangeCell.swift */,
				D8650B7629DDAF7E00CE6EB2 /* MatchView.swift */,
				D8650B7829DF00A000CE6EB2 /* SendMessageButton.swift */,
				D8650B7A29DF06D100CE6EB2 /* KeepSwipingButton.swift */,
			);
			path = Views;
			sourceTree = "<group>";
		};
		D879694C29B4C8480061ED87 /* Model */ = {
			isa = PBXGroup;
			children = (
				D879694D29B4C85E0061ED87 /* User.swift */,
				D879695329B6193E0061ED87 /* Advertiser.swift */,
			);
			path = Model;
			sourceTree = "<group>";
		};
		D879694F29B5178C0061ED87 /* Controllers */ = {
			isa = PBXGroup;
			children = (
				D88DB61229E1AA8A00141CFA /* MatchesMessages */,
				D8E8EC2929CF3BD300A8F2ED /* User Details */,
				D8E8EC2429CDCFC400A8F2ED /* Login */,
				D879693229AFB93C0061ED87 /* HomeController.swift */,
				D879695529BA5E950061ED87 /* RegistrationController.swift */,
				D8B1566629BDC7BD00D2CE1C /* Bindable.swift */,
				D8C8098B29C49E0F0097B52D /* SettingsController.swift */,
			);
			path = Controllers;
			sourceTree = "<group>";
		};
		D879695029B518900061ED87 /* ViewModels */ = {
			isa = PBXGroup;
			children = (
				D879695129B518A60061ED87 /* CardViewModel.swift */,
				D8C57E5C29BCB89A00A7E328 /* RegistrationViewModel.swift */,
			);
			path = ViewModels;
			sourceTree = "<group>";
		};
		D88DB61229E1AA8A00141CFA /* MatchesMessages */ = {
			isa = PBXGroup;
			children = (
				D88DB61329E1AB3B00141CFA /* MatchesMessagesController.swift */,
			);
			path = MatchesMessages;
			sourceTree = "<group>";
		};
		D8E8EC2429CDCFC400A8F2ED /* Login */ = {
			isa = PBXGroup;
			children = (
				D8E8EC2529CDD3F400A8F2ED /* LoginController.swift */,
				D8E8EC2629CDD3F400A8F2ED /* LoginViewModel.swift */,
			);
			path = Login;
			sourceTree = "<group>";
		};
		D8E8EC2929CF3BD300A8F2ED /* User Details */ = {
			isa = PBXGroup;
			children = (
				D8E8EC2A29CF3C1C00A8F2ED /* UserDetailsController.swift */,
				D8E93B3229D1EBC3003D2FD0 /* SwipingPhotosController.swift */,
				D813020829D7111F002174D1 /* PhotoController.swift */,
			);
			path = "User Details";
			sourceTree = "<group>";
		};
/* End PBXGroup section */

/* Begin PBXNativeTarget section */
		D879692A29AFB93C0061ED87 /* SwipeMatchFS */ = {
			isa = PBXNativeTarget;
			buildConfigurationList = D879693F29AFB93E0061ED87 /* Build configuration list for PBXNativeTarget "SwipeMatchFS" */;
			buildPhases = (
				D879692729AFB93C0061ED87 /* Sources */,
				D879692829AFB93C0061ED87 /* Frameworks */,
				D879692929AFB93C0061ED87 /* Resources */,
			);
			buildRules = (
			);
			dependencies = (
			);
			name = SwipeMatchFS;
			packageProductDependencies = (
				D8C57E5F29BCD76A00A7E328 /* FirebaseAuth */,
				D8C57E6129BCD76A00A7E328 /* FirebaseFirestore */,
				D8C57E6329BCD76A00A7E328 /* FirebaseStorage */,
				D8C57E6629BCD88200A7E328 /* SDWebImage */,
				D8C57E6929BCD90000A7E328 /* JGProgressHUD */,
				D88DB61029E1A95900141CFA /* LBTATools */,
			);
			productName = SwipeMatchFS;
			productReference = D879692B29AFB93C0061ED87 /* SwipeMatchFS.app */;
			productType = "com.apple.product-type.application";
		};
/* End PBXNativeTarget section */

/* Begin PBXProject section */
		D879692329AFB93C0061ED87 /* Project object */ = {
			isa = PBXProject;
			attributes = {
				BuildIndependentTargetsInParallel = 1;
				LastSwiftUpdateCheck = 1410;
				LastUpgradeCheck = 1410;
				TargetAttributes = {
					D879692A29AFB93C0061ED87 = {
						CreatedOnToolsVersion = 14.1;
					};
				};
			};
			buildConfigurationList = D879692629AFB93C0061ED87 /* Build configuration list for PBXProject "SwipeMatchFS" */;
			compatibilityVersion = "Xcode 14.0";
			developmentRegion = en;
			hasScannedForEncodings = 0;
			knownRegions = (
				en,
				Base,
			);
			mainGroup = D879692229AFB93C0061ED87;
			packageReferences = (
				D8C57E5E29BCD76A00A7E328 /* XCRemoteSwiftPackageReference "firebase-ios-sdk" */,
				D8C57E6529BCD88100A7E328 /* XCRemoteSwiftPackageReference "SDWebImage" */,
				D8C57E6829BCD90000A7E328 /* XCRemoteSwiftPackageReference "JGProgressHUD" */,
				D88DB60F29E1A95900141CFA /* XCRemoteSwiftPackageReference "LBTATools" */,
			);
			productRefGroup = D879692C29AFB93C0061ED87 /* Products */;
			projectDirPath = "";
			projectRoot = "";
			targets = (
				D879692A29AFB93C0061ED87 /* SwipeMatchFS */,
			);
		};
/* End PBXProject section */

/* Begin PBXResourcesBuildPhase section */
		D879692929AFB93C0061ED87 /* Resources */ = {
			isa = PBXResourcesBuildPhase;
			buildActionMask = 2147483647;
			files = (
				D879693B29AFB93E0061ED87 /* LaunchScreen.storyboard in Resources */,
				D8C57E6C29BCDDBB00A7E328 /* GoogleService-Info.plist in Resources */,
				D879693829AFB93E0061ED87 /* Assets.xcassets in Resources */,
				D879693629AFB93C0061ED87 /* Main.storyboard in Resources */,
			);
			runOnlyForDeploymentPostprocessing = 0;
		};
/* End PBXResourcesBuildPhase section */

/* Begin PBXSourcesBuildPhase section */
		D879692729AFB93C0061ED87 /* Sources */ = {
			isa = PBXSourcesBuildPhase;
			buildActionMask = 2147483647;
			files = (
				D8E8EC2729CDD3F400A8F2ED /* LoginController.swift in Sources */,
				D813020929D7111F002174D1 /* PhotoController.swift in Sources */,
				D8E8EC2329CC9B0A00A8F2ED /* FBExtension+Utils.swift in Sources */,
				D879695429B6193E0061ED87 /* Advertiser.swift in Sources */,
				D8650B7929DF00A000CE6EB2 /* SendMessageButton.swift in Sources */,
				D879694B29B262E90061ED87 /* CardView.swift in Sources */,
				D879693329AFB93C0061ED87 /* HomeController.swift in Sources */,
				D879692F29AFB93C0061ED87 /* AppDelegate.swift in Sources */,
				D879694729B1FF240061ED87 /* HomeBottomControlsStackView.swift in Sources */,
				D8E8EC2B29CF3C1C00A8F2ED /* UserDetailsController.swift in Sources */,
				D8C8099029C9DB8C0097B52D /* AgeRangeCell.swift in Sources */,
				D8650B7729DDAF7E00CE6EB2 /* MatchView.swift in Sources */,
				D8E8EC2829CDD3F400A8F2ED /* LoginViewModel.swift in Sources */,
				D879694E29B4C85E0061ED87 /* User.swift in Sources */,
				D8C8098C29C49E0F0097B52D /* SettingsController.swift in Sources */,
				D879695629BA5E950061ED87 /* RegistrationController.swift in Sources */,
				D879694929B21B3F0061ED87 /* TopNavigationStackView.swift in Sources */,
				D8B1566729BDC7BD00D2CE1C /* Bindable.swift in Sources */,
				D879695829BA69FD0061ED87 /* CustomTextField.swift in Sources */,
				D8C57E5D29BCB89A00A7E328 /* RegistrationViewModel.swift in Sources */,
				D879693129AFB93C0061ED87 /* SceneDelegate.swift in Sources */,
				D8650B7B29DF06D100CE6EB2 /* KeepSwipingButton.swift in Sources */,
				D8C8098E29C4EE580097B52D /* SettingsCell.swift in Sources */,
				D8E93B3329D1EBC3003D2FD0 /* SwipingPhotosController.swift in Sources */,
				D879695229B518A60061ED87 /* CardViewModel.swift in Sources */,
				D88DB61429E1AB3B00141CFA /* MatchesMessagesController.swift in Sources */,
			);
			runOnlyForDeploymentPostprocessing = 0;
		};
/* End PBXSourcesBuildPhase section */

/* Begin PBXVariantGroup section */
		D879693429AFB93C0061ED87 /* Main.storyboard */ = {
			isa = PBXVariantGroup;
			children = (
				D879693529AFB93C0061ED87 /* Base */,
			);
			name = Main.storyboard;
			sourceTree = "<group>";
		};
		D879693929AFB93E0061ED87 /* LaunchScreen.storyboard */ = {
			isa = PBXVariantGroup;
			children = (
				D879693A29AFB93E0061ED87 /* Base */,
			);
			name = LaunchScreen.storyboard;
			sourceTree = "<group>";
		};
/* End PBXVariantGroup section */

/* Begin XCBuildConfiguration section */
		D879693D29AFB93E0061ED87 /* Debug */ = {
			isa = XCBuildConfiguration;
			buildSettings = {
				ALWAYS_SEARCH_USER_PATHS = NO;
				CLANG_ANALYZER_NONNULL = YES;
				CLANG_ANALYZER_NUMBER_OBJECT_CONVERSION = YES_AGGRESSIVE;
				CLANG_CXX_LANGUAGE_STANDARD = "gnu++20";
				CLANG_ENABLE_MODULES = YES;
				CLANG_ENABLE_OBJC_ARC = YES;
				CLANG_ENABLE_OBJC_WEAK = YES;
				CLANG_WARN_BLOCK_CAPTURE_AUTORELEASING = YES;
				CLANG_WARN_BOOL_CONVERSION = YES;
				CLANG_WARN_COMMA = YES;
				CLANG_WARN_CONSTANT_CONVERSION = YES;
				CLANG_WARN_DEPRECATED_OBJC_IMPLEMENTATIONS = YES;
				CLANG_WARN_DIRECT_OBJC_ISA_USAGE = YES_ERROR;
				CLANG_WARN_DOCUMENTATION_COMMENTS = YES;
				CLANG_WARN_EMPTY_BODY = YES;
				CLANG_WARN_ENUM_CONVERSION = YES;
				CLANG_WARN_INFINITE_RECURSION = YES;
				CLANG_WARN_INT_CONVERSION = YES;
				CLANG_WARN_NON_LITERAL_NULL_CONVERSION = YES;
				CLANG_WARN_OBJC_IMPLICIT_RETAIN_SELF = YES;
				CLANG_WARN_OBJC_LITERAL_CONVERSION = YES;
				CLANG_WARN_OBJC_ROOT_CLASS = YES_ERROR;
				CLANG_WARN_QUOTED_INCLUDE_IN_FRAMEWORK_HEADER = YES;
				CLANG_WARN_RANGE_LOOP_ANALYSIS = YES;
				CLANG_WARN_STRICT_PROTOTYPES = YES;
				CLANG_WARN_SUSPICIOUS_MOVE = YES;
				CLANG_WARN_UNGUARDED_AVAILABILITY = YES_AGGRESSIVE;
				CLANG_WARN_UNREACHABLE_CODE = YES;
				CLANG_WARN__DUPLICATE_METHOD_MATCH = YES;
				COPY_PHASE_STRIP = NO;
				DEBUG_INFORMATION_FORMAT = dwarf;
				ENABLE_STRICT_OBJC_MSGSEND = YES;
				ENABLE_TESTABILITY = YES;
				GCC_C_LANGUAGE_STANDARD = gnu11;
				GCC_DYNAMIC_NO_PIC = NO;
				GCC_NO_COMMON_BLOCKS = YES;
				GCC_OPTIMIZATION_LEVEL = 0;
				GCC_PREPROCESSOR_DEFINITIONS = (
					"DEBUG=1",
					"$(inherited)",
				);
				GCC_WARN_64_TO_32_BIT_CONVERSION = YES;
				GCC_WARN_ABOUT_RETURN_TYPE = YES_ERROR;
				GCC_WARN_UNDECLARED_SELECTOR = YES;
				GCC_WARN_UNINITIALIZED_AUTOS = YES_AGGRESSIVE;
				GCC_WARN_UNUSED_FUNCTION = YES;
				GCC_WARN_UNUSED_VARIABLE = YES;
				IPHONEOS_DEPLOYMENT_TARGET = 16.1;
				MTL_ENABLE_DEBUG_INFO = INCLUDE_SOURCE;
				MTL_FAST_MATH = YES;
				ONLY_ACTIVE_ARCH = YES;
				SDKROOT = iphoneos;
				SWIFT_ACTIVE_COMPILATION_CONDITIONS = DEBUG;
				SWIFT_OPTIMIZATION_LEVEL = "-Onone";
			};
			name = Debug;
		};
		D879693E29AFB93E0061ED87 /* Release */ = {
			isa = XCBuildConfiguration;
			buildSettings = {
				ALWAYS_SEARCH_USER_PATHS = NO;
				CLANG_ANALYZER_NONNULL = YES;
				CLANG_ANALYZER_NUMBER_OBJECT_CONVERSION = YES_AGGRESSIVE;
				CLANG_CXX_LANGUAGE_STANDARD = "gnu++20";
				CLANG_ENABLE_MODULES = YES;
				CLANG_ENABLE_OBJC_ARC = YES;
				CLANG_ENABLE_OBJC_WEAK = YES;
				CLANG_WARN_BLOCK_CAPTURE_AUTORELEASING = YES;
				CLANG_WARN_BOOL_CONVERSION = YES;
				CLANG_WARN_COMMA = YES;
				CLANG_WARN_CONSTANT_CONVERSION = YES;
				CLANG_WARN_DEPRECATED_OBJC_IMPLEMENTATIONS = YES;
				CLANG_WARN_DIRECT_OBJC_ISA_USAGE = YES_ERROR;
				CLANG_WARN_DOCUMENTATION_COMMENTS = YES;
				CLANG_WARN_EMPTY_BODY = YES;
				CLANG_WARN_ENUM_CONVERSION = YES;
				CLANG_WARN_INFINITE_RECURSION = YES;
				CLANG_WARN_INT_CONVERSION = YES;
				CLANG_WARN_NON_LITERAL_NULL_CONVERSION = YES;
				CLANG_WARN_OBJC_IMPLICIT_RETAIN_SELF = YES;
				CLANG_WARN_OBJC_LITERAL_CONVERSION = YES;
				CLANG_WARN_OBJC_ROOT_CLASS = YES_ERROR;
				CLANG_WARN_QUOTED_INCLUDE_IN_FRAMEWORK_HEADER = YES;
				CLANG_WARN_RANGE_LOOP_ANALYSIS = YES;
				CLANG_WARN_STRICT_PROTOTYPES = YES;
				CLANG_WARN_SUSPICIOUS_MOVE = YES;
				CLANG_WARN_UNGUARDED_AVAILABILITY = YES_AGGRESSIVE;
				CLANG_WARN_UNREACHABLE_CODE = YES;
				CLANG_WARN__DUPLICATE_METHOD_MATCH = YES;
				COPY_PHASE_STRIP = NO;
				DEBUG_INFORMATION_FORMAT = "dwarf-with-dsym";
				ENABLE_NS_ASSERTIONS = NO;
				ENABLE_STRICT_OBJC_MSGSEND = YES;
				GCC_C_LANGUAGE_STANDARD = gnu11;
				GCC_NO_COMMON_BLOCKS = YES;
				GCC_WARN_64_TO_32_BIT_CONVERSION = YES;
				GCC_WARN_ABOUT_RETURN_TYPE = YES_ERROR;
				GCC_WARN_UNDECLARED_SELECTOR = YES;
				GCC_WARN_UNINITIALIZED_AUTOS = YES_AGGRESSIVE;
				GCC_WARN_UNUSED_FUNCTION = YES;
				GCC_WARN_UNUSED_VARIABLE = YES;
				IPHONEOS_DEPLOYMENT_TARGET = 16.1;
				MTL_ENABLE_DEBUG_INFO = NO;
				MTL_FAST_MATH = YES;
				SDKROOT = iphoneos;
				SWIFT_COMPILATION_MODE = wholemodule;
				SWIFT_OPTIMIZATION_LEVEL = "-O";
				VALIDATE_PRODUCT = YES;
			};
			name = Release;
		};
		D879694029AFB93E0061ED87 /* Debug */ = {
			isa = XCBuildConfiguration;
			buildSettings = {
				ASSETCATALOG_COMPILER_APPICON_NAME = AppIcon;
				ASSETCATALOG_COMPILER_GLOBAL_ACCENT_COLOR_NAME = AccentColor;
				CODE_SIGN_STYLE = Automatic;
				CURRENT_PROJECT_VERSION = 1;
				DEVELOPMENT_TEAM = Q5CYH8RVUS;
				GENERATE_INFOPLIST_FILE = YES;
				INFOPLIST_FILE = SwipeMatchFS/Info.plist;
				INFOPLIST_KEY_UIApplicationSupportsIndirectInputEvents = YES;
				INFOPLIST_KEY_UILaunchStoryboardName = LaunchScreen;
				INFOPLIST_KEY_UIMainStoryboardFile = Main;
				INFOPLIST_KEY_UISupportedInterfaceOrientations = "UIInterfaceOrientationLandscapeLeft UIInterfaceOrientationLandscapeRight UIInterfaceOrientationPortrait";
				LD_RUNPATH_SEARCH_PATHS = (
					"$(inherited)",
					"@executable_path/Frameworks",
				);
				MARKETING_VERSION = 1.0;
				PRODUCT_BUNDLE_IDENTIFIER = com.joe3524.SwipeMatchFS;
				PRODUCT_NAME = "$(TARGET_NAME)";
				SWIFT_EMIT_LOC_STRINGS = YES;
				SWIFT_VERSION = 5.0;
				TARGETED_DEVICE_FAMILY = "1,2";
			};
			name = Debug;
		};
		D879694129AFB93E0061ED87 /* Release */ = {
			isa = XCBuildConfiguration;
			buildSettings = {
				ASSETCATALOG_COMPILER_APPICON_NAME = AppIcon;
				ASSETCATALOG_COMPILER_GLOBAL_ACCENT_COLOR_NAME = AccentColor;
				CODE_SIGN_STYLE = Automatic;
				CURRENT_PROJECT_VERSION = 1;
				DEVELOPMENT_TEAM = Q5CYH8RVUS;
				GENERATE_INFOPLIST_FILE = YES;
				INFOPLIST_FILE = SwipeMatchFS/Info.plist;
				INFOPLIST_KEY_UIApplicationSupportsIndirectInputEvents = YES;
				INFOPLIST_KEY_UILaunchStoryboardName = LaunchScreen;
				INFOPLIST_KEY_UIMainStoryboardFile = Main;
				INFOPLIST_KEY_UISupportedInterfaceOrientations = "UIInterfaceOrientationLandscapeLeft UIInterfaceOrientationLandscapeRight UIInterfaceOrientationPortrait";
				LD_RUNPATH_SEARCH_PATHS = (
					"$(inherited)",
					"@executable_path/Frameworks",
				);
				MARKETING_VERSION = 1.0;
				PRODUCT_BUNDLE_IDENTIFIER = com.joe3524.SwipeMatchFS;
				PRODUCT_NAME = "$(TARGET_NAME)";
				SWIFT_EMIT_LOC_STRINGS = YES;
				SWIFT_VERSION = 5.0;
				TARGETED_DEVICE_FAMILY = "1,2";
			};
			name = Release;
		};
/* End XCBuildConfiguration section */

/* Begin XCConfigurationList section */
		D879692629AFB93C0061ED87 /* Build configuration list for PBXProject "SwipeMatchFS" */ = {
			isa = XCConfigurationList;
			buildConfigurations = (
				D879693D29AFB93E0061ED87 /* Debug */,
				D879693E29AFB93E0061ED87 /* Release */,
			);
			defaultConfigurationIsVisible = 0;
			defaultConfigurationName = Release;
		};
		D879693F29AFB93E0061ED87 /* Build configuration list for PBXNativeTarget "SwipeMatchFS" */ = {
			isa = XCConfigurationList;
			buildConfigurations = (
				D879694029AFB93E0061ED87 /* Debug */,
				D879694129AFB93E0061ED87 /* Release */,
			);
			defaultConfigurationIsVisible = 0;
			defaultConfigurationName = Release;
		};
/* End XCConfigurationList section */

/* Begin XCRemoteSwiftPackageReference section */
		D88DB60F29E1A95900141CFA /* XCRemoteSwiftPackageReference "LBTATools" */ = {
			isa = XCRemoteSwiftPackageReference;
			repositoryURL = "https://github.com/bhlvoong/LBTATools.git";
			requirement = {
				kind = upToNextMajorVersion;
				minimumVersion = 1.0.0;
			};
		};
		D8C57E5E29BCD76A00A7E328 /* XCRemoteSwiftPackageReference "firebase-ios-sdk" */ = {
			isa = XCRemoteSwiftPackageReference;
			repositoryURL = "https://github.com/firebase/firebase-ios-sdk";
			requirement = {
				kind = upToNextMajorVersion;
				minimumVersion = 9.0.0;
			};
		};
		D8C57E6529BCD88100A7E328 /* XCRemoteSwiftPackageReference "SDWebImage" */ = {
			isa = XCRemoteSwiftPackageReference;
			repositoryURL = "https://github.com/SDWebImage/SDWebImage.git";
			requirement = {
				kind = upToNextMajorVersion;
				minimumVersion = 5.0.0;
			};
		};
		D8C57E6829BCD90000A7E328 /* XCRemoteSwiftPackageReference "JGProgressHUD" */ = {
			isa = XCRemoteSwiftPackageReference;
			repositoryURL = "https://github.com/JonasGessner/JGProgressHUD";
			requirement = {
				kind = upToNextMajorVersion;
				minimumVersion = 2.0.0;
			};
		};
/* End XCRemoteSwiftPackageReference section */

/* Begin XCSwiftPackageProductDependency section */
		D88DB61029E1A95900141CFA /* LBTATools */ = {
			isa = XCSwiftPackageProductDependency;
			package = D88DB60F29E1A95900141CFA /* XCRemoteSwiftPackageReference "LBTATools" */;
			productName = LBTATools;
		};
		D8C57E5F29BCD76A00A7E328 /* FirebaseAuth */ = {
			isa = XCSwiftPackageProductDependency;
			package = D8C57E5E29BCD76A00A7E328 /* XCRemoteSwiftPackageReference "firebase-ios-sdk" */;
			productName = FirebaseAuth;
		};
		D8C57E6129BCD76A00A7E328 /* FirebaseFirestore */ = {
			isa = XCSwiftPackageProductDependency;
			package = D8C57E5E29BCD76A00A7E328 /* XCRemoteSwiftPackageReference "firebase-ios-sdk" */;
			productName = FirebaseFirestore;
		};
		D8C57E6329BCD76A00A7E328 /* FirebaseStorage */ = {
			isa = XCSwiftPackageProductDependency;
			package = D8C57E5E29BCD76A00A7E328 /* XCRemoteSwiftPackageReference "firebase-ios-sdk" */;
			productName = FirebaseStorage;
		};
		D8C57E6629BCD88200A7E328 /* SDWebImage */ = {
			isa = XCSwiftPackageProductDependency;
			package = D8C57E6529BCD88100A7E328 /* XCRemoteSwiftPackageReference "SDWebImage" */;
			productName = SDWebImage;
		};
		D8C57E6929BCD90000A7E328 /* JGProgressHUD */ = {
			isa = XCSwiftPackageProductDependency;
			package = D8C57E6829BCD90000A7E328 /* XCRemoteSwiftPackageReference "JGProgressHUD" */;
			productName = JGProgressHUD;
		};
/* End XCSwiftPackageProductDependency section */
	};
	rootObject = D879692329AFB93C0061ED87 /* Project object */;
}
